
Microsoft Visual Studio Solution File, Format Version 12.00
# Visual Studio Version 16
VisualStudioVersion = 16.0.29424.173
MinimumVisualStudioVersion = 10.0.40219.1
Project("{9A19103F-16F7-4668-BE54-9A1E7A4F7556}") = "Timesheet.Api", "Timesheet.Api\Timesheet.Api.csproj", "{17BF7B27-347F-4C12-9161-A3E20B8D5A64}"
EndProject
Project("{9A19103F-16F7-4668-BE54-9A1E7A4F7556}") = "Timesheet.Tests", "Timesheet.Tests\Timesheet.Tests.csproj", "{7DA3B188-D158-4E4F-B75A-B121E71F9FD2}"
EndProject
Project("{FAE04EC0-301F-11D3-BF4B-00C04F79EFBC}") = "Timesheet.Domain", "Timesheet.Domain\Timesheet.Domain.csproj", "{96A82205-3872-458A-B3AC-F6488EE2FB4E}"
EndProject
Project("{FAE04EC0-301F-11D3-BF4B-00C04F79EFBC}") = "Timesheet.Application", "Timesheet.Application\Timesheet.Application.csproj", "{1180D0E4-0A51-41E1-8575-A3D019C90C8F}"
EndProject
Project("{FAE04EC0-301F-11D3-BF4B-00C04F79EFBC}") = "Timesheet.DataAccess.CSV", "Timesheet.DataAccess.CSV\Timesheet.DataAccess.CSV.csproj", "{F4479DF2-45DA-4596-B943-A4C841CD6E0D}"
EndProject
Global
	GlobalSection(SolutionConfigurationPlatforms) = preSolution
		Debug|Any CPU = Debug|Any CPU
		Release|Any CPU = Release|Any CPU
	EndGlobalSection
	GlobalSection(ProjectConfigurationPlatforms) = postSolution
		{17BF7B27-347F-4C12-9161-A3E20B8D5A64}.Debug|Any CPU.ActiveCfg = Debug|Any CPU
		{17BF7B27-347F-4C12-9161-A3E20B8D5A64}.Debug|Any CPU.Build.0 = Debug|Any CPU
		{17BF7B27-347F-4C12-9161-A3E20B8D5A64}.Release|Any CPU.ActiveCfg = Release|Any CPU
		{17BF7B27-347F-4C12-9161-A3E20B8D5A64}.Release|Any CPU.Build.0 = Release|Any CPU
		{7DA3B188-D158-4E4F-B75A-B121E71F9FD2}.Debug|Any CPU.ActiveCfg = Debug|Any CPU
		{7DA3B188-D158-4E4F-B75A-B121E71F9FD2}.Debug|Any CPU.Build.0 = Debug|Any CPU
		{7DA3B188-D158-4E4F-B75A-B121E71F9FD2}.Release|Any CPU.ActiveCfg = Release|Any CPU
		{7DA3B188-D158-4E4F-B75A-B121E71F9FD2}.Release|Any CPU.Build.0 = Release|Any CPU
		{96A82205-3872-458A-B3AC-F6488EE2FB4E}.Debug|Any CPU.ActiveCfg = Debug|Any CPU
		{96A82205-3872-458A-B3AC-F6488EE2FB4E}.Debug|Any CPU.Build.0 = Debug|Any CPU
		{96A82205-3872-458A-B3AC-F6488EE2FB4E}.Release|Any CPU.ActiveCfg = Release|Any CPU
		{96A82205-3872-458A-B3AC-F6488EE2FB4E}.Release|Any CPU.Build.0 = Release|Any CPU
		{1180D0E4-0A51-41E1-8575-A3D019C90C8F}.Debug|Any CPU.ActiveCfg = Debug|Any CPU
		{1180D0E4-0A51-41E1-8575-A3D019C90C8F}.Debug|Any CPU.Build.0 = Debug|Any CPU
		{1180D0E4-0A51-41E1-8575-A3D019C90C8F}.Release|Any CPU.ActiveCfg = Release|Any CPU
		{1180D0E4-0A51-41E1-8575-A3D019C90C8F}.Release|Any CPU.Build.0 = Release|Any CPU
		{F4479DF2-45DA-4596-B943-A4C841CD6E0D}.Debug|Any CPU.ActiveCfg = Debug|Any CPU
		{F4479DF2-45DA-4596-B943-A4C841CD6E0D}.Debug|Any CPU.Build.0 = Debug|Any CPU
		{F4479DF2-45DA-4596-B943-A4C841CD6E0D}.Release|Any CPU.ActiveCfg = Release|Any CPU
		{F4479DF2-45DA-4596-B943-A4C841CD6E0D}.Release|Any CPU.Build.0 = Release|Any CPU
	EndGlobalSection
	GlobalSection(SolutionProperties) = preSolution
		HideSolutionNode = FALSE
	EndGlobalSection
	GlobalSection(ExtensibilityGlobals) = postSolution
		SolutionGuid = {3A2E3CA9-445C-4F64-9AFA-1BB2CE05CBAB}
	EndGlobalSection
EndGlobal
